lockfileVersion: '9.0'

settings:
  autoInstallPeers: true
  excludeLinksFromLockfile: false

importers:

  .:
    dependencies:
      http-status-code:
        specifier: ^2.1.0
        version: 2.1.0

packages:

  http-status-code@2.1.0:
    resolution: {integrity: sha512-xlSRDG0i4j2HDR85FW2VGxFBo9GB1LpBp37/gldjrS5ZlAaHp1h0dbq96crIN/D0ur1jAa75ACrN8WezebLXSw==}

  strip-json-comments@1.0.4:
    resolution: {integrity: sha512-AOPG8EBc5wAikaG1/7uFCNFJwnKOuQwFTpYBdTW6OvWHeZBQBrAA/amefHGrEiOnCPcLFZK6FUPtWVKpQVIRgg==}
    engines: {node: '>=0.8.0'}
    hasBin: true

snapshots:

  http-status-code@2.1.0:
    dependencies:
      strip-json-comments: 1.0.4

  strip-json-comments@1.0.4: {}
